{
    "version": 3,
    "terraform_version": "0.11.7",
    "serial": 1,
    "lineage": "5bf62be8-b238-9115-881e-23d72dca48d1",
    "modules": [
        {
            "path": [
                "root"
            ],
            "outputs": {},
            "resources": {
                "data.oci_identity_availability_domains.ADs": {
                    "type": "oci_identity_availability_domains",
                    "depends_on": [],
                    "primary": {
                        "id": "2018-09-06 02:00:50.824275 +0000 UTC",
                        "attributes": {
                            "availability_domains.#": "3",
                            "availability_domains.0.compartment_id": "ocid1.compartment.oc1..aaaaaaaa4yls6q5c6tze5uxdi3fcsefwl3rtouh4pumhudfktxmpxkaeloca",
                            "availability_domains.0.name": "eurR:US-ASHBURN-AD-1",
                            "availability_domains.1.compartment_id": "ocid1.compartment.oc1..aaaaaaaa4yls6q5c6tze5uxdi3fcsefwl3rtouh4pumhudfktxmpxkaeloca",
                            "availability_domains.1.name": "eurR:US-ASHBURN-AD-2",
                            "availability_domains.2.compartment_id": "ocid1.compartment.oc1..aaaaaaaa4yls6q5c6tze5uxdi3fcsefwl3rtouh4pumhudfktxmpxkaeloca",
                            "availability_domains.2.name": "eurR:US-ASHBURN-AD-3",
                            "compartment_id": "ocid1.compartment.oc1..aaaaaaaa4yls6q5c6tze5uxdi3fcsefwl3rtouh4pumhudfktxmpxkaeloca",
                            "id": "2018-09-06 02:00:50.824275 +0000 UTC"
                        },
                        "meta": {},
                        "tainted": false
                    },
                    "deposed": [],
                    "provider": "provider.oci"
                },
                "oci_core_instance.AppAD1": {
                    "type": "oci_core_instance",
                    "depends_on": [
                        "data.oci_identity_availability_domains.ADs",
                        "oci_core_subnet.PublicSubnetAD1"
                    ],
                    "primary": {
                        "id": "ocid1.instance.oc1.iad.abuwcljrzjvewjog5de7qplkw33au5csspj4poudo5ytg44ipx7bwe5pedqa",
                        "attributes": {
                            "availability_domain": "eurR:US-ASHBURN-AD-1",
                            "boot_volume_id": "ocid1.bootvolume.oc1.iad.abuwcljrpyssyv3i24ps22pprdjovwlylym2hlu5j4jwmnugf4yzc4y7pyka",
                            "compartment_id": "ocid1.compartment.oc1..aaaaaaaa4yls6q5c6tze5uxdi3fcsefwl3rtouh4pumhudfktxmpxkaeloca",
                            "create_vnic_details.#": "1",
                            "create_vnic_details.0.assign_public_ip": "true",
                            "create_vnic_details.0.defined_tags.%": "0",
                            "create_vnic_details.0.display_name": "AppAD1",
                            "create_vnic_details.0.freeform_tags.%": "0",
                            "create_vnic_details.0.hostname_label": "",
                            "create_vnic_details.0.private_ip": "192.168.4.2",
                            "create_vnic_details.0.skip_source_dest_check": "false",
                            "create_vnic_details.0.subnet_id": "ocid1.subnet.oc1.iad.aaaaaaaaqmkaaavb6vpo4glnh54e454jlpvbud5jgt2gqvkpcaahdn5coasa",
                            "defined_tags.%": "0",
                            "display_name": "AppAD1",
                            "freeform_tags.%": "0",
                            "hostname_label": "",
                            "id": "ocid1.instance.oc1.iad.abuwcljrzjvewjog5de7qplkw33au5csspj4poudo5ytg44ipx7bwe5pedqa",
                            "image": "ocid1.image.oc1.iad.aaaaaaaan3m7jn3f5dqsw5mzkabyudsxsf7ciy27j3fm4tjokij7r32hxwta",
                            "launch_mode": "NATIVE",
                            "launch_options.#": "1",
                            "launch_options.0.boot_volume_type": "ISCSI",
                            "launch_options.0.firmware": "UEFI_64",
                            "launch_options.0.network_type": "VFIO",
                            "launch_options.0.remote_data_volume_type": "PARAVIRTUALIZED",
                            "metadata.%": "2",
                            "metadata.ssh_authorized_keys": "ssh-rsa AAAAB3NzaC1yc2EAAAADAQABAAABAQCowqnIbCDmDwVuyaNXTvSf9acWGPsMEzYXDvFkbGOMw+Gb5itGmNS14BjYYPzvV3Z9edrsUgp1oa58udu+qUt6835WwB3i2ISuJujE4Y/P9QnlC6uubqcIh6FkxClOopOIJHPI++W0VWFqp/SLGWceBSAnwvVd5PUz1A39D9ttLMOqjLAZtIuxOL0gn4gj6O+NtO3Qrgz4KX7MV0Eo7X35ZwBFwYGSzKCpVk6zokrOLYtK12UEGxBpMT64nY7hdyIYL6RqxppKMXpjqMjMi9rDwBVnqnaJtFO9zj6uoNRTq7Vvfi2UPN+DO79X8irZC70DU/axan8yOUEHqEiyrbHF abhi-key",
                            "metadata.user_data": "IyEvYmluL2Jhc2ggLXgKCnRvdWNoIHN0YXJ0MQp0b3VjaCB+L3N0YXJ0Mgp0b3VjaCAvcm9vdC9zdGFydDMgCgplY2hvICcjIyMjIyMjIyMjIyMjIyMjIyMjIHdlYnNlcnZlciB1c2VyZGF0YSBiZWdpbnMgIyMjIyMjIyMjIyMjIyMjIyMjIyMjJwp0b3VjaCB+b3BjL3VzZXJkYXRhLmBkYXRlICslc2Auc3RhcnQKCiMgZWNobyAnIyMjIyMjIyMjIyB5dW0gdXBkYXRlIGFsbCAjIyMjIyMjIyMjIyMjIyMnCiMgeXVtIHVwZGF0ZSAteQojIHN1ZG8gYXB0LWdldCB1cGRhdGUKCmVjaG8gJyMjIyMjIyMjIyMgYmFzaWMgd2Vic2VydmVyICMjIyMjIyMjIyMjIyMjJwojeXVtIGluc3RhbGwgLXkgaHR0cGQKc3VkbyBhcHQtZ2V0IC15IGluc3RhbGwgYXBhY2hlMgoKI3N5c3RlbWN0bCBlbmFibGUgaHR0cGQuc2VydmljZQpzeXN0ZW1jdGwgZW5hYmxlIGFwYWNoZTIuc2VydmljZQojc3lzdGVtY3RsIHN0YXJ0ICBodHRwZC5zZXJ2aWNlCnN5c3RlbWN0bCBzdGFydCAgYXBhY2hlMi5zZXJ2aWNlCgplY2hvICc8aHRtbD48aGVhZD48L2hlYWQ+PGJvZHk+PHByZT48Y29kZT4nID4gL3Zhci93d3cvaHRtbC9pbmRleC5odG1sCgpob3N0bmFtZSA+PiAvdmFyL3d3dy9odG1sL2luZGV4Lmh0bWwKCmVjaG8gJycgPj4gL3Zhci93d3cvaHRtbC9pbmRleC5odG1sCgpjYXQgL2V0Yy9vcy1yZWxlYXNlID4+IC92YXIvd3d3L2h0bWwvaW5kZXguaHRtbAoKZWNobyAnPHA+JyA+PiAvdmFyL3d3dy9odG1sL2luZGV4Lmh0bWwKCmlwIGFkZHIgc2hvdyA+PiAvdmFyL3d3dy9odG1sL2luZGV4Lmh0bWwgMj4mMQoKZWNobyAnPHA+JyA+PiAvdmFyL3d3dy9odG1sL2luZGV4Lmh0bWwKCmN1cmwgaWZjb25maWcuY28gPj4gL3Zhci93d3cvaHRtbC9pbmRleC5odG1sCgppZmNvbmZpZyAtYSB8IGdyZXAgLWllIGZsYWdzIC1pZSBuZXRtYXNrID4+IC92YXIvd3d3L2h0bWwvaW5kZXguaHRtbAoKZWNobyAnPHA+JyA+PiAvdmFyL3d3dy9odG1sL2luZGV4Lmh0bWwKCmN1cmwgaWZjb25maWcuY28gPj4gL3Zhci93d3cvaHRtbC9pbmRleC5odG1sCgplY2hvICc8L2NvZGU+PC9wcmU+PC9ib2R5PjwvaHRtbD4nID4+IC92YXIvd3d3L2h0bWwvaW5kZXguaHRtbAoKI2ZpcmV3YWxsLW9mZmxpbmUtY21kIC0tYWRkLXNlcnZpY2U9aHR0cAojc3lzdGVtY3RsIGVuYWJsZSAgZmlyZXdhbGxkCiNzeXN0ZW1jdGwgcmVzdGFydCAgZmlyZXdhbGxkCgoKdG91Y2ggfm9wYy91c2VyZGF0YS5gZGF0ZSArJXNgLmZpbmlzaAplY2hvICcjIyMjIyMjIyMjIyMjIyMjIyMjIHdlYnNlcnZlciB1c2VyZGF0YSBlbmRzICMjIyMjIyMjIyMjIyMjIyMjIyMjIyMjJwoKCiMjIyMjIyMjIyMjIyMjIyMjIyMjIyMjIyMjIyMjIyMjIyMjIyMjIyMjIyMjIyMjIyMjIyMjIyMjIyMjIyMjIyMjCgphcHQtZ2V0IC15IGluc3RhbGwgZ2l0CgpjZCB+CgpnaXQgY2xvbmUgaHR0cHM6Ly9naXRodWIuY29tL2FiYW5uYW5nLzMtdGllci1IQS1QeXRob24tRmxhc2stQXBwCgpjZCAzLXRpZXItSEEtUHl0aG9uLUZsYXNrLUFwcAoKY2htb2QgYStyeCAqLnNoCiMuL3VwZGF0ZS5zaAoKc3VkbyBhcHQtZ2V0IHVwZGF0ZSAteQpzdWRvIGFwdC1nZXQgaW5zdGFsbCBweXRob24tcGlwIHB5dGhvbi1kZXYgYnVpbGQtZXNzZW50aWFsIC15CnN1ZG8gcGlwIGluc3RhbGwgLXIgfi8zLXRpZXItSEEtUHl0aG9uLUZsYXNrLUFwcC9yZXF1aXJlbWVudHMudHh0CnN1ZG8gYXB0LWdldCBpbnN0YWxsIHVuemlwIC15CgojLi9vcmFjbGUtY29uZmlnLnNoCnN1ZG8gbWtkaXIgL29wdC9vcmFjbGUKCndnZXQgaHR0cHM6Ly9vYmplY3RzdG9yYWdlLnVzLXBob2VuaXgtMS5vcmFjbGVjbG91ZC5jb20vbi9iaG93ZXNpbnQxL2Ivb3JhbGVpbnN0YW50Y2xpZW50YmFzaWNsaW51eHg2NC9vL2luc3RhbnRjbGllbnQtYmFzaWMtbGludXgueDY0LTEyLjIuMC4xLjAuemlwIAoKc3VkbyB1bnppcCBpbnN0YW50Y2xpZW50LWJhc2ljLWxpbnV4Lng2NC0xMi4yLjAuMS4wLnppcCAtZCAvb3B0L29yYWNsZS8Kc3VkbyBsbiAtcyAvb3B0L29yYWNsZS9pbnN0YW50Y2xpZW50XzEyXzIvbGliY2xudHNoLnNvLjEyLjEgbGliY2xudHNoLnNvCnN1ZG8gbG4gLXMgL29wdC9vcmFjbGUvaW5zdGFudGNsaWVudF8xMl8yL2xpYm9jY2kuc28uMTIuMSBsaWJvY2NpLnNvCnN1ZG8gYXB0LWdldCBpbnN0YWxsIGxpYmFpbzEgLXkKc3VkbyBzaCAtYyAiZWNobyAvb3B0L29yYWNsZS9pbnN0YW50Y2xpZW50XzEyXzIgPiAvZXRjL2xkLnNvLmNvbmYuZC9vcmFjbGUtaW5zdGFudGNsaWVudC5jb25mIgpzdWRvIGxkY29uZmlnCgoKIy4vZmlyZXdhbGwtY29uZmlnLnNoCiMjc3VkbyBhcHQtZ2V0IGluc3RhbGwgZmlyZXdhbGxkIC15CiMjc3VkbyBmaXJld2FsbC1jbWQgLS1wZXJtYW5lbnQgLS1hZGQtcG9ydD01MDAwL3RjcAojI3N1ZG8gZmlyZXdhbGwtY21kIC0tcmVsb2FkCgovc2Jpbi9pcHRhYmxlcyAtSSBJTlBVVCAyIC1wIHRjcCAtbSBzdGF0ZSAtLXN0YXRlIE5FVyAtbSB0Y3AgLS1kcG9ydCA4MCAtaiBBQ0NFUFQKL3NiaW4vaXB0YWJsZXMgLUkgSU5QVVQgMiAtcCB0Y3AgLW0gc3RhdGUgLS1zdGF0ZSBORVcgLW0gdGNwIC0tZHBvcnQgNDQzIC1qIEFDQ0VQVAovc2Jpbi9pcHRhYmxlcyAtSSBJTlBVVCAyIC1wIHRjcCAtbSBzdGF0ZSAtLXN0YXRlIE5FVyAtbSB0Y3AgLS1kcG9ydCAxNTIxIC1qIEFDQ0VQVAovc2Jpbi9pcHRhYmxlcyAtSSBJTlBVVCAyIC1wIHRjcCAtbSBzdGF0ZSAtLXN0YXRlIE5FVyAtbSB0Y3AgLS1kcG9ydCA1MDAwIC1qIEFDQ0VQVAoKL2Jpbi9zZWQgIC1pICcvLUEgSU5QVVQgLXAgdGNwIC1tIHN0YXRlIC0tc3RhdGUgTkVXIC1tIHRjcCAtLWRwb3J0IDIyIC1qIEFDQ0VQVC9hLUEgSU5QVVQgLXAgdGNwIC1tIHN0YXRlIC0tc3RhdGUgTkVXIC1tIHRjcCAtLWRwb3J0IDgwIC1qIEFDQ0VQVCBcbi1BIElOUFVUIC1wIHRjcCAtbSBzdGF0ZSAtLXN0YXRlIE5FVyAtbSB0Y3AgLS1kcG9ydCA0NDMgLWogQUNDRVBUIFxuLUEgSU5QVVQgLXAgdGNwIC1tIHN0YXRlIC0tc3RhdGUgTkVXIC1tIHRjcCAtLWRwb3J0IDE1MjEgLWogQUNDRVBUXG4tQSBJTlBVVCAtcCB0Y3AgLW0gc3RhdGUgLS1zdGF0ZSBORVcgLW0gdGNwIC0tZHBvcnQgNTAwMCAtaiBBQ0NFUFRcbicgL2V0Yy9pcHRhYmxlcy9ydWxlcy52NAoKc3VkbyBhcHQtZ2V0IC15IGluc3RhbGwgc2NyZWVuCgpjaG1vZCBhK3J4IG1haW4ucHkKCnNjcmVlbiAtZG0gcHl0aG9uIC4vbWFpbi5weQoKdG91Y2ggfi9kb25lMQp0b3VjaCAvcm9vdC9kb25lMgoK",
                            "private_ip": "192.168.4.2",
                            "public_ip": "129.213.24.250",
                            "region": "iad",
                            "shape": "VM.Standard1.2",
                            "source_details.#": "1",
                            "source_details.0.boot_volume_size_in_gbs": "47",
                            "source_details.0.source_id": "ocid1.image.oc1.iad.aaaaaaaan3m7jn3f5dqsw5mzkabyudsxsf7ciy27j3fm4tjokij7r32hxwta",
                            "source_details.0.source_type": "image",
                            "state": "RUNNING",
                            "subnet_id": "ocid1.subnet.oc1.iad.aaaaaaaaqmkaaavb6vpo4glnh54e454jlpvbud5jgt2gqvkpcaahdn5coasa",
                            "time_created": "2018-09-06 02:00:52.562 +0000 UTC"
                        },
                        "meta": {
                            "e2bfb730-ecaa-11e6-8f88-34363bc7c4c0": {
                                "create": 7200000000000,
                                "delete": 7200000000000,
                                "update": 7200000000000
                            }
                        },
                        "tainted": false
                    },
                    "deposed": [],
                    "provider": "provider.oci"
                },
                "oci_core_instance.AppAD2": {
                    "type": "oci_core_instance",
                    "depends_on": [
                        "data.oci_identity_availability_domains.ADs",
                        "oci_core_subnet.PublicSubnetAD2"
                    ],
                    "primary": {
                        "id": "ocid1.instance.oc1.iad.abuwcljsvm5gshfuldb7utxzookxinpilz6njkorlsy5ji4vqsncflvw62ha",
                        "attributes": {
                            "availability_domain": "eurR:US-ASHBURN-AD-2",
                            "boot_volume_id": "ocid1.bootvolume.oc1.iad.abuwcljslm3km652iegtxtn5x5ll3xpr73ym7pzyjuj2dnrp7jbtvoj43gta",
                            "compartment_id": "ocid1.compartment.oc1..aaaaaaaa4yls6q5c6tze5uxdi3fcsefwl3rtouh4pumhudfktxmpxkaeloca",
                            "create_vnic_details.#": "1",
                            "create_vnic_details.0.assign_public_ip": "true",
                            "create_vnic_details.0.defined_tags.%": "0",
                            "create_vnic_details.0.display_name": "AppAD2",
                            "create_vnic_details.0.freeform_tags.%": "0",
                            "create_vnic_details.0.hostname_label": "",
                            "create_vnic_details.0.private_ip": "192.168.5.2",
                            "create_vnic_details.0.skip_source_dest_check": "false",
                            "create_vnic_details.0.subnet_id": "ocid1.subnet.oc1.iad.aaaaaaaasx27472yfz3je2akgyrcfkeotoiuxz5v42c7pc4hqh5fjqwbw6nq",
                            "defined_tags.%": "0",
                            "display_name": "AppAD2",
                            "freeform_tags.%": "0",
                            "hostname_label": "",
                            "id": "ocid1.instance.oc1.iad.abuwcljsvm5gshfuldb7utxzookxinpilz6njkorlsy5ji4vqsncflvw62ha",
                            "image": "ocid1.image.oc1.iad.aaaaaaaan3m7jn3f5dqsw5mzkabyudsxsf7ciy27j3fm4tjokij7r32hxwta",
                            "launch_mode": "NATIVE",
                            "launch_options.#": "1",
                            "launch_options.0.boot_volume_type": "ISCSI",
                            "launch_options.0.firmware": "UEFI_64",
                            "launch_options.0.network_type": "VFIO",
                            "launch_options.0.remote_data_volume_type": "PARAVIRTUALIZED",
                            "metadata.%": "2",
                            "metadata.ssh_authorized_keys": "ssh-rsa AAAAB3NzaC1yc2EAAAADAQABAAABAQCowqnIbCDmDwVuyaNXTvSf9acWGPsMEzYXDvFkbGOMw+Gb5itGmNS14BjYYPzvV3Z9edrsUgp1oa58udu+qUt6835WwB3i2ISuJujE4Y/P9QnlC6uubqcIh6FkxClOopOIJHPI++W0VWFqp/SLGWceBSAnwvVd5PUz1A39D9ttLMOqjLAZtIuxOL0gn4gj6O+NtO3Qrgz4KX7MV0Eo7X35ZwBFwYGSzKCpVk6zokrOLYtK12UEGxBpMT64nY7hdyIYL6RqxppKMXpjqMjMi9rDwBVnqnaJtFO9zj6uoNRTq7Vvfi2UPN+DO79X8irZC70DU/axan8yOUEHqEiyrbHF abhi-key",
                            "metadata.user_data": "IyEvYmluL2Jhc2ggLXgKCnRvdWNoIHN0YXJ0MQp0b3VjaCB+L3N0YXJ0Mgp0b3VjaCAvcm9vdC9zdGFydDMgCgplY2hvICcjIyMjIyMjIyMjIyMjIyMjIyMjIHdlYnNlcnZlciB1c2VyZGF0YSBiZWdpbnMgIyMjIyMjIyMjIyMjIyMjIyMjIyMjJwp0b3VjaCB+b3BjL3VzZXJkYXRhLmBkYXRlICslc2Auc3RhcnQKCiMgZWNobyAnIyMjIyMjIyMjIyB5dW0gdXBkYXRlIGFsbCAjIyMjIyMjIyMjIyMjIyMnCiMgeXVtIHVwZGF0ZSAteQojIHN1ZG8gYXB0LWdldCB1cGRhdGUKCmVjaG8gJyMjIyMjIyMjIyMgYmFzaWMgd2Vic2VydmVyICMjIyMjIyMjIyMjIyMjJwojeXVtIGluc3RhbGwgLXkgaHR0cGQKc3VkbyBhcHQtZ2V0IC15IGluc3RhbGwgYXBhY2hlMgoKI3N5c3RlbWN0bCBlbmFibGUgaHR0cGQuc2VydmljZQpzeXN0ZW1jdGwgZW5hYmxlIGFwYWNoZTIuc2VydmljZQojc3lzdGVtY3RsIHN0YXJ0ICBodHRwZC5zZXJ2aWNlCnN5c3RlbWN0bCBzdGFydCAgYXBhY2hlMi5zZXJ2aWNlCgplY2hvICc8aHRtbD48aGVhZD48L2hlYWQ+PGJvZHk+PHByZT48Y29kZT4nID4gL3Zhci93d3cvaHRtbC9pbmRleC5odG1sCgpob3N0bmFtZSA+PiAvdmFyL3d3dy9odG1sL2luZGV4Lmh0bWwKCmVjaG8gJycgPj4gL3Zhci93d3cvaHRtbC9pbmRleC5odG1sCgpjYXQgL2V0Yy9vcy1yZWxlYXNlID4+IC92YXIvd3d3L2h0bWwvaW5kZXguaHRtbAoKZWNobyAnPHA+JyA+PiAvdmFyL3d3dy9odG1sL2luZGV4Lmh0bWwKCmlwIGFkZHIgc2hvdyA+PiAvdmFyL3d3dy9odG1sL2luZGV4Lmh0bWwgMj4mMQoKZWNobyAnPHA+JyA+PiAvdmFyL3d3dy9odG1sL2luZGV4Lmh0bWwKCmN1cmwgaWZjb25maWcuY28gPj4gL3Zhci93d3cvaHRtbC9pbmRleC5odG1sCgppZmNvbmZpZyAtYSB8IGdyZXAgLWllIGZsYWdzIC1pZSBuZXRtYXNrID4+IC92YXIvd3d3L2h0bWwvaW5kZXguaHRtbAoKZWNobyAnPHA+JyA+PiAvdmFyL3d3dy9odG1sL2luZGV4Lmh0bWwKCmN1cmwgaWZjb25maWcuY28gPj4gL3Zhci93d3cvaHRtbC9pbmRleC5odG1sCgplY2hvICc8L2NvZGU+PC9wcmU+PC9ib2R5PjwvaHRtbD4nID4+IC92YXIvd3d3L2h0bWwvaW5kZXguaHRtbAoKI2ZpcmV3YWxsLW9mZmxpbmUtY21kIC0tYWRkLXNlcnZpY2U9aHR0cAojc3lzdGVtY3RsIGVuYWJsZSAgZmlyZXdhbGxkCiNzeXN0ZW1jdGwgcmVzdGFydCAgZmlyZXdhbGxkCgoKdG91Y2ggfm9wYy91c2VyZGF0YS5gZGF0ZSArJXNgLmZpbmlzaAplY2hvICcjIyMjIyMjIyMjIyMjIyMjIyMjIHdlYnNlcnZlciB1c2VyZGF0YSBlbmRzICMjIyMjIyMjIyMjIyMjIyMjIyMjIyMjJwoKCiMjIyMjIyMjIyMjIyMjIyMjIyMjIyMjIyMjIyMjIyMjIyMjIyMjIyMjIyMjIyMjIyMjIyMjIyMjIyMjIyMjIyMjCgphcHQtZ2V0IC15IGluc3RhbGwgZ2l0CgpjZCB+CgpnaXQgY2xvbmUgaHR0cHM6Ly9naXRodWIuY29tL2FiYW5uYW5nLzMtdGllci1IQS1QeXRob24tRmxhc2stQXBwCgpjZCAzLXRpZXItSEEtUHl0aG9uLUZsYXNrLUFwcAoKY2htb2QgYStyeCAqLnNoCiMuL3VwZGF0ZS5zaAoKc3VkbyBhcHQtZ2V0IHVwZGF0ZSAteQpzdWRvIGFwdC1nZXQgaW5zdGFsbCBweXRob24tcGlwIHB5dGhvbi1kZXYgYnVpbGQtZXNzZW50aWFsIC15CnN1ZG8gcGlwIGluc3RhbGwgLXIgfi8zLXRpZXItSEEtUHl0aG9uLUZsYXNrLUFwcC9yZXF1aXJlbWVudHMudHh0CnN1ZG8gYXB0LWdldCBpbnN0YWxsIHVuemlwIC15CgojLi9vcmFjbGUtY29uZmlnLnNoCnN1ZG8gbWtkaXIgL29wdC9vcmFjbGUKCndnZXQgaHR0cHM6Ly9vYmplY3RzdG9yYWdlLnVzLXBob2VuaXgtMS5vcmFjbGVjbG91ZC5jb20vbi9iaG93ZXNpbnQxL2Ivb3JhbGVpbnN0YW50Y2xpZW50YmFzaWNsaW51eHg2NC9vL2luc3RhbnRjbGllbnQtYmFzaWMtbGludXgueDY0LTEyLjIuMC4xLjAuemlwIAoKc3VkbyB1bnppcCBpbnN0YW50Y2xpZW50LWJhc2ljLWxpbnV4Lng2NC0xMi4yLjAuMS4wLnppcCAtZCAvb3B0L29yYWNsZS8Kc3VkbyBsbiAtcyAvb3B0L29yYWNsZS9pbnN0YW50Y2xpZW50XzEyXzIvbGliY2xudHNoLnNvLjEyLjEgbGliY2xudHNoLnNvCnN1ZG8gbG4gLXMgL29wdC9vcmFjbGUvaW5zdGFudGNsaWVudF8xMl8yL2xpYm9jY2kuc28uMTIuMSBsaWJvY2NpLnNvCnN1ZG8gYXB0LWdldCBpbnN0YWxsIGxpYmFpbzEgLXkKc3VkbyBzaCAtYyAiZWNobyAvb3B0L29yYWNsZS9pbnN0YW50Y2xpZW50XzEyXzIgPiAvZXRjL2xkLnNvLmNvbmYuZC9vcmFjbGUtaW5zdGFudGNsaWVudC5jb25mIgpzdWRvIGxkY29uZmlnCgoKIy4vZmlyZXdhbGwtY29uZmlnLnNoCiMjc3VkbyBhcHQtZ2V0IGluc3RhbGwgZmlyZXdhbGxkIC15CiMjc3VkbyBmaXJld2FsbC1jbWQgLS1wZXJtYW5lbnQgLS1hZGQtcG9ydD01MDAwL3RjcAojI3N1ZG8gZmlyZXdhbGwtY21kIC0tcmVsb2FkCgovc2Jpbi9pcHRhYmxlcyAtSSBJTlBVVCAyIC1wIHRjcCAtbSBzdGF0ZSAtLXN0YXRlIE5FVyAtbSB0Y3AgLS1kcG9ydCA4MCAtaiBBQ0NFUFQKL3NiaW4vaXB0YWJsZXMgLUkgSU5QVVQgMiAtcCB0Y3AgLW0gc3RhdGUgLS1zdGF0ZSBORVcgLW0gdGNwIC0tZHBvcnQgNDQzIC1qIEFDQ0VQVAovc2Jpbi9pcHRhYmxlcyAtSSBJTlBVVCAyIC1wIHRjcCAtbSBzdGF0ZSAtLXN0YXRlIE5FVyAtbSB0Y3AgLS1kcG9ydCAxNTIxIC1qIEFDQ0VQVAovc2Jpbi9pcHRhYmxlcyAtSSBJTlBVVCAyIC1wIHRjcCAtbSBzdGF0ZSAtLXN0YXRlIE5FVyAtbSB0Y3AgLS1kcG9ydCA1MDAwIC1qIEFDQ0VQVAoKL2Jpbi9zZWQgIC1pICcvLUEgSU5QVVQgLXAgdGNwIC1tIHN0YXRlIC0tc3RhdGUgTkVXIC1tIHRjcCAtLWRwb3J0IDIyIC1qIEFDQ0VQVC9hLUEgSU5QVVQgLXAgdGNwIC1tIHN0YXRlIC0tc3RhdGUgTkVXIC1tIHRjcCAtLWRwb3J0IDgwIC1qIEFDQ0VQVCBcbi1BIElOUFVUIC1wIHRjcCAtbSBzdGF0ZSAtLXN0YXRlIE5FVyAtbSB0Y3AgLS1kcG9ydCA0NDMgLWogQUNDRVBUIFxuLUEgSU5QVVQgLXAgdGNwIC1tIHN0YXRlIC0tc3RhdGUgTkVXIC1tIHRjcCAtLWRwb3J0IDE1MjEgLWogQUNDRVBUXG4tQSBJTlBVVCAtcCB0Y3AgLW0gc3RhdGUgLS1zdGF0ZSBORVcgLW0gdGNwIC0tZHBvcnQgNTAwMCAtaiBBQ0NFUFRcbicgL2V0Yy9pcHRhYmxlcy9ydWxlcy52NAoKc3VkbyBhcHQtZ2V0IC15IGluc3RhbGwgc2NyZWVuCgpjaG1vZCBhK3J4IG1haW4ucHkKCnNjcmVlbiAtZG0gcHl0aG9uIC4vbWFpbi5weQoKdG91Y2ggfi9kb25lMQp0b3VjaCAvcm9vdC9kb25lMgoK",
                            "private_ip": "192.168.5.2",
                            "public_ip": "129.213.37.223",
                            "region": "iad",
                            "shape": "VM.Standard1.2",
                            "source_details.#": "1",
                            "source_details.0.boot_volume_size_in_gbs": "47",
                            "source_details.0.source_id": "ocid1.image.oc1.iad.aaaaaaaan3m7jn3f5dqsw5mzkabyudsxsf7ciy27j3fm4tjokij7r32hxwta",
                            "source_details.0.source_type": "image",
                            "state": "RUNNING",
                            "subnet_id": "ocid1.subnet.oc1.iad.aaaaaaaasx27472yfz3je2akgyrcfkeotoiuxz5v42c7pc4hqh5fjqwbw6nq",
                            "time_created": "2018-09-06 02:00:53.934 +0000 UTC"
                        },
                        "meta": {
                            "e2bfb730-ecaa-11e6-8f88-34363bc7c4c0": {
                                "create": 7200000000000,
                                "delete": 7200000000000,
                                "update": 7200000000000
                            }
                        },
                        "tainted": false
                    },
                    "deposed": [],
                    "provider": "provider.oci"
                },
                "oci_core_subnet.PublicSubnetAD1": {
                    "type": "oci_core_subnet",
                    "depends_on": [
                        "data.oci_identity_availability_domains.ADs"
                    ],
                    "primary": {
                        "id": "ocid1.subnet.oc1.iad.aaaaaaaaqmkaaavb6vpo4glnh54e454jlpvbud5jgt2gqvkpcaahdn5coasa",
                        "attributes": {
                            "availability_domain": "eurR:US-ASHBURN-AD-1",
                            "cidr_block": "192.168.4.0/24",
                            "compartment_id": "ocid1.compartment.oc1..aaaaaaaa4yls6q5c6tze5uxdi3fcsefwl3rtouh4pumhudfktxmpxkaeloca",
                            "defined_tags.%": "0",
                            "dhcp_options_id": "ocid1.dhcpoptions.oc1.iad.aaaaaaaara5t3nfrivdb7d54rqqh4oag473l55epo6sicrvcm5ipp42rnkfa",
                            "display_name": "PublicSubnetAD1",
                            "freeform_tags.%": "0",
                            "id": "ocid1.subnet.oc1.iad.aaaaaaaaqmkaaavb6vpo4glnh54e454jlpvbud5jgt2gqvkpcaahdn5coasa",
                            "prohibit_public_ip_on_vnic": "false",
                            "route_table_id": "ocid1.routetable.oc1.iad.aaaaaaaapbj7anrreejythhflzf5dtg5hxtlrqoqxjaswwmtm2ck43bj7rkq",
                            "security_list_ids.#": "1",
                            "security_list_ids.635222933": "ocid1.securitylist.oc1.iad.aaaaaaaaus27lisefg2usy6omtiqjx66hqmxlefe5ydsewo7jnm3tbtrrvxq",
                            "state": "AVAILABLE",
                            "time_created": "2018-09-06 02:00:51.436 +0000 UTC",
                            "vcn_id": "ocid1.vcn.oc1.iad.aaaaaaaaqvejah6sfd4lduvay7p7fb3n6l7xso725wg46cg5d3a4v3rbu2wa",
                            "virtual_router_ip": "192.168.4.1",
                            "virtual_router_mac": "00:00:17:3F:BD:51"
                        },
                        "meta": {
                            "e2bfb730-ecaa-11e6-8f88-34363bc7c4c0": {
                                "create": 900000000000,
                                "delete": 900000000000,
                                "update": 900000000000
                            }
                        },
                        "tainted": false
                    },
                    "deposed": [],
                    "provider": "provider.oci"
                },
                "oci_core_subnet.PublicSubnetAD2": {
                    "type": "oci_core_subnet",
                    "depends_on": [
                        "data.oci_identity_availability_domains.ADs"
                    ],
                    "primary": {
                        "id": "ocid1.subnet.oc1.iad.aaaaaaaasx27472yfz3je2akgyrcfkeotoiuxz5v42c7pc4hqh5fjqwbw6nq",
                        "attributes": {
                            "availability_domain": "eurR:US-ASHBURN-AD-2",
                            "cidr_block": "192.168.5.0/24",
                            "compartment_id": "ocid1.compartment.oc1..aaaaaaaa4yls6q5c6tze5uxdi3fcsefwl3rtouh4pumhudfktxmpxkaeloca",
                            "defined_tags.%": "0",
                            "dhcp_options_id": "ocid1.dhcpoptions.oc1.iad.aaaaaaaara5t3nfrivdb7d54rqqh4oag473l55epo6sicrvcm5ipp42rnkfa",
                            "display_name": "PublicSubnetAD2",
                            "freeform_tags.%": "0",
                            "id": "ocid1.subnet.oc1.iad.aaaaaaaasx27472yfz3je2akgyrcfkeotoiuxz5v42c7pc4hqh5fjqwbw6nq",
                            "prohibit_public_ip_on_vnic": "false",
                            "route_table_id": "ocid1.routetable.oc1.iad.aaaaaaaapbj7anrreejythhflzf5dtg5hxtlrqoqxjaswwmtm2ck43bj7rkq",
                            "security_list_ids.#": "1",
                            "security_list_ids.635222933": "ocid1.securitylist.oc1.iad.aaaaaaaaus27lisefg2usy6omtiqjx66hqmxlefe5ydsewo7jnm3tbtrrvxq",
                            "state": "AVAILABLE",
                            "time_created": "2018-09-06 02:00:51.826 +0000 UTC",
                            "vcn_id": "ocid1.vcn.oc1.iad.aaaaaaaaqvejah6sfd4lduvay7p7fb3n6l7xso725wg46cg5d3a4v3rbu2wa",
                            "virtual_router_ip": "192.168.5.1",
                            "virtual_router_mac": "00:00:17:3F:BD:51"
                        },
                        "meta": {
                            "e2bfb730-ecaa-11e6-8f88-34363bc7c4c0": {
                                "create": 900000000000,
                                "delete": 900000000000,
                                "update": 900000000000
                            }
                        },
                        "tainted": false
                    },
                    "deposed": [],
                    "provider": "provider.oci"
                },
                "oci_load_balancer.PubLB": {
                    "type": "oci_load_balancer",
                    "depends_on": [
                        "oci_core_subnet.PublicSubnetAD1",
                        "oci_core_subnet.PublicSubnetAD2"
                    ],
                    "primary": {
                        "id": "ocid1.loadbalancer.oc1.iad.aaaaaaaagusrd4ihklgwq7mbyijvgb2pu5awhvfq3t7rpd3zejz27hhvaowa",
                        "attributes": {
                            "compartment_id": "ocid1.compartment.oc1..aaaaaaaa4yls6q5c6tze5uxdi3fcsefwl3rtouh4pumhudfktxmpxkaeloca",
                            "display_name": "PubLB",
                            "id": "ocid1.loadbalancer.oc1.iad.aaaaaaaagusrd4ihklgwq7mbyijvgb2pu5awhvfq3t7rpd3zejz27hhvaowa",
                            "ip_addresses.#": "1",
                            "ip_addresses.0": "129.213.176.75",
                            "is_private": "false",
                            "shape": "100Mbps",
                            "state": "ACTIVE",
                            "subnet_ids.#": "2",
                            "subnet_ids.0": "ocid1.subnet.oc1.iad.aaaaaaaaqmkaaavb6vpo4glnh54e454jlpvbud5jgt2gqvkpcaahdn5coasa",
                            "subnet_ids.1": "ocid1.subnet.oc1.iad.aaaaaaaasx27472yfz3je2akgyrcfkeotoiuxz5v42c7pc4hqh5fjqwbw6nq",
                            "time_created": "2018-09-06 02:00:52.583 +0000 UTC"
                        },
                        "meta": {},
                        "tainted": false
                    },
                    "deposed": [],
                    "provider": "provider.oci"
                },
                "oci_load_balancer_backend.lb-be1": {
                    "type": "oci_load_balancer_backend",
                    "depends_on": [
                        "oci_core_instance.AppAD1",
                        "oci_load_balancer.PubLB",
                        "oci_load_balancer_backendset.lb-bes1"
                    ],
                    "primary": {
                        "id": "192.168.4.2:5000",
                        "attributes": {
                            "backendset_name": "lb-bes1",
                            "backup": "false",
                            "drain": "false",
                            "id": "192.168.4.2:5000",
                            "ip_address": "192.168.4.2",
                            "load_balancer_id": "ocid1.loadbalancer.oc1.iad.aaaaaaaagusrd4ihklgwq7mbyijvgb2pu5awhvfq3t7rpd3zejz27hhvaowa",
                            "name": "192.168.4.2:5000",
                            "offline": "false",
                            "port": "5000",
                            "state": "SUCCEEDED",
                            "weight": "1"
                        },
                        "meta": {},
                        "tainted": false
                    },
                    "deposed": [],
                    "provider": "provider.oci"
                },
                "oci_load_balancer_backend.lb-be2": {
                    "type": "oci_load_balancer_backend",
                    "depends_on": [
                        "oci_core_instance.AppAD2",
                        "oci_load_balancer.PubLB",
                        "oci_load_balancer_backendset.lb-bes1"
                    ],
                    "primary": {
                        "id": "192.168.5.2:5000",
                        "attributes": {
                            "backendset_name": "lb-bes1",
                            "backup": "false",
                            "drain": "false",
                            "id": "192.168.5.2:5000",
                            "ip_address": "192.168.5.2",
                            "load_balancer_id": "ocid1.loadbalancer.oc1.iad.aaaaaaaagusrd4ihklgwq7mbyijvgb2pu5awhvfq3t7rpd3zejz27hhvaowa",
                            "name": "192.168.5.2:5000",
                            "offline": "false",
                            "port": "5000",
                            "state": "SUCCEEDED",
                            "weight": "1"
                        },
                        "meta": {},
                        "tainted": false
                    },
                    "deposed": [],
                    "provider": "provider.oci"
                },
                "oci_load_balancer_backendset.lb-bes1": {
                    "type": "oci_load_balancer_backendset",
                    "depends_on": [
                        "oci_load_balancer.PubLB"
                    ],
                    "primary": {
                        "id": "lb-bes1",
                        "attributes": {
                            "backend.#": "0",
                            "health_checker.#": "1",
                            "health_checker.0.interval_ms": "30000",
                            "health_checker.0.port": "5000",
                            "health_checker.0.protocol": "HTTP",
                            "health_checker.0.response_body_regex": ".*",
                            "health_checker.0.retries": "3",
                            "health_checker.0.return_code": "200",
                            "health_checker.0.timeout_in_millis": "3000",
                            "health_checker.0.url_path": "/",
                            "id": "lb-bes1",
                            "load_balancer_id": "ocid1.loadbalancer.oc1.iad.aaaaaaaagusrd4ihklgwq7mbyijvgb2pu5awhvfq3t7rpd3zejz27hhvaowa",
                            "name": "lb-bes1",
                            "policy": "ROUND_ROBIN",
                            "session_persistence_configuration.#": "0",
                            "ssl_configuration.#": "0",
                            "state": "SUCCEEDED"
                        },
                        "meta": {},
                        "tainted": false
                    },
                    "deposed": [],
                    "provider": "provider.oci"
                },
                "oci_load_balancer_certificate.lb-cert1": {
                    "type": "oci_load_balancer_certificate",
                    "depends_on": [
                        "oci_load_balancer.PubLB"
                    ],
                    "primary": {
                        "id": "certificate1",
                        "attributes": {
                            "ca_certificate": "-----BEGIN CERTIFICATE-----\nMIIBNzCB4gIJAKtwJkxUgNpzMA0GCSqGSIb3DQEBCwUAMCMxITAfBgNVBAoTGElu\ndGVybmV0IFdpZGdpdHMgUHR5IEx0ZDAeFw0xNzA0MTIyMTU3NTZaFw0xODA0MTIy\nMTU3NTZaMCMxITAfBgNVBAoTGEludGVybmV0IFdpZGdpdHMgUHR5IEx0ZDBcMA0G\nCSqGSIb3DQEBAQUAA0sAMEgCQQDlM8lz3BFJA6zBlsF63k9ajPVq3Q1WQoHQ3j35\n08DRKIfwqfV+CxL63W3dZrwL4TrjqorP5CQ36+I6OWALH2zVAgMBAAEwDQYJKoZI\nhvcNAQELBQADQQCEjHVQJoiiVpIIvDWF+4YDRReVuwzrvq2xduWw7CIsDWlYuGZT\nQKVY6tnTy2XpoUk0fqUvMB/M2HGQ1WqZGHs6\n-----END CERTIFICATE-----",
                            "certificate_name": "certificate1",
                            "id": "certificate1",
                            "load_balancer_id": "ocid1.loadbalancer.oc1.iad.aaaaaaaagusrd4ihklgwq7mbyijvgb2pu5awhvfq3t7rpd3zejz27hhvaowa",
                            "private_key": "-----BEGIN RSA PRIVATE KEY-----\nMIIBOgIBAAJBAOUzyXPcEUkDrMGWwXreT1qM9WrdDVZCgdDePfnTwNEoh/Cp9X4L\nEvrdbd1mvAvhOuOqis/kJDfr4jo5YAsfbNUCAwEAAQJAJz8k4bfvJceBT2zXGIj0\noZa9d1z+qaSdwfwsNJkzzRyGkj/j8yv5FV7KNdSfsBbStlcuxUm4i9o5LXhIA+iQ\ngQIhAPzStAN8+Rz3dWKTjRWuCfy+Pwcmyjl3pkMPSiXzgSJlAiEA6BUZWHP0b542\nu8AizBT3b3xKr1AH2nkIx9OHq7F/QbECIHzqqpDypa8/QVuUZegpVrvvT/r7mn1s\nddS6cDtyJgLVAiEA1Z5OFQeuL2sekBRbMyP9WOW7zMBKakLL3TqL/3JCYxECIAkG\nl96uo1MjK/66X5zQXBG7F2DN2CbcYEz0r3c3vvfq\n-----END RSA PRIVATE KEY-----",
                            "public_certificate": "-----BEGIN CERTIFICATE-----\nMIIBNzCB4gIJAKtwJkxUgNpzMA0GCSqGSIb3DQEBCwUAMCMxITAfBgNVBAoTGElu\ndGVybmV0IFdpZGdpdHMgUHR5IEx0ZDAeFw0xNzA0MTIyMTU3NTZaFw0xODA0MTIy\nMTU3NTZaMCMxITAfBgNVBAoTGEludGVybmV0IFdpZGdpdHMgUHR5IEx0ZDBcMA0G\nCSqGSIb3DQEBAQUAA0sAMEgCQQDlM8lz3BFJA6zBlsF63k9ajPVq3Q1WQoHQ3j35\n08DRKIfwqfV+CxL63W3dZrwL4TrjqorP5CQ36+I6OWALH2zVAgMBAAEwDQYJKoZI\nhvcNAQELBQADQQCEjHVQJoiiVpIIvDWF+4YDRReVuwzrvq2xduWw7CIsDWlYuGZT\nQKVY6tnTy2XpoUk0fqUvMB/M2HGQ1WqZGHs6\n-----END CERTIFICATE-----",
                            "state": "SUCCEEDED"
                        },
                        "meta": {},
                        "tainted": false
                    },
                    "deposed": [],
                    "provider": "provider.oci"
                },
                "oci_load_balancer_listener.lb-listener1": {
                    "type": "oci_load_balancer_listener",
                    "depends_on": [
                        "oci_load_balancer.PubLB",
                        "oci_load_balancer_backendset.lb-bes1"
                    ],
                    "primary": {
                        "id": "http",
                        "attributes": {
                            "connection_configuration.#": "1",
                            "connection_configuration.0.idle_timeout_in_seconds": "60",
                            "default_backend_set_name": "lb-bes1",
                            "hostname_names.#": "0",
                            "id": "http",
                            "load_balancer_id": "ocid1.loadbalancer.oc1.iad.aaaaaaaagusrd4ihklgwq7mbyijvgb2pu5awhvfq3t7rpd3zejz27hhvaowa",
                            "name": "http",
                            "port": "80",
                            "protocol": "HTTP",
                            "ssl_configuration.#": "0",
                            "state": "SUCCEEDED"
                        },
                        "meta": {},
                        "tainted": false
                    },
                    "deposed": [],
                    "provider": "provider.oci"
                }
            },
            "depends_on": []
        }
    ]
}
